
Microsoft Visual Studio Solution File, Format Version 12.00
# Visual Studio Version 17
VisualStudioVersion = 17.11.35312.102
MinimumVisualStudioVersion = 10.0.40219.1
Project("{8BC9CEB8-8B4A-11D0-8D11-00A0C91BC942}") = "CxImage", "CxImage\cximage.vcxproj", "{659FE6F5-FB0E-49B8-B087-F6116678FE16}"
EndProject
Project("{8BC9CEB8-8B4A-11D0-8D11-00A0C91BC942}") = "jasper", "jasper\jasper.vcxproj", "{A5AC51C8-960E-44A2-B6C6-B9B6DB068701}"
EndProject
Project("{8BC9CEB8-8B4A-11D0-8D11-00A0C91BC942}") = "jbig", "jbig\jbig.vcxproj", "{F9550073-224A-41DD-A32D-7F04C576C994}"
EndProject
Project("{8BC9CEB8-8B4A-11D0-8D11-00A0C91BC942}") = "jpeg", "jpeg\Jpeg.vcxproj", "{CD0085D7-1CFA-49A0-BDDA-C74D294B176D}"
EndProject
Project("{8BC9CEB8-8B4A-11D0-8D11-00A0C91BC942}") = "libdcr", "raw\libdcr.vcxproj", "{493C07F3-2CC5-4966-9D94-2375961AB066}"
EndProject
Project("{8BC9CEB8-8B4A-11D0-8D11-00A0C91BC942}") = "mng", "mng\mng.vcxproj", "{E0A0159B-4EDB-4DF9-A531-C490FF2FBD32}"
EndProject
Project("{8BC9CEB8-8B4A-11D0-8D11-00A0C91BC942}") = "png", "png\png.vcxproj", "{C034627A-510F-40AC-8EC8-ED4ED98F1333}"
EndProject
Project("{8BC9CEB8-8B4A-11D0-8D11-00A0C91BC942}") = "tiff", "tiff\Tiff.vcxproj", "{EF9554A0-CAE4-4B8F-822E-593521997B72}"
EndProject
Project("{8BC9CEB8-8B4A-11D0-8D11-00A0C91BC942}") = "zlib", "zlib\zlib.vcxproj", "{502063B9-A251-447C-BFE5-F461A19194A7}"
EndProject
Global
	GlobalSection(SolutionConfigurationPlatforms) = preSolution
		Debug|Win32 = Debug|Win32
		Debug|x64 = Debug|x64
		Release|Win32 = Release|Win32
		Release|x64 = Release|x64
		Unicode Debug No XP|Win32 = Unicode Debug No XP|Win32
		Unicode Debug No XP|x64 = Unicode Debug No XP|x64
		Unicode Debug|Win32 = Unicode Debug|Win32
		Unicode Debug|x64 = Unicode Debug|x64
		Unicode Release No XP|Win32 = Unicode Release No XP|Win32
		Unicode Release No XP|x64 = Unicode Release No XP|x64
		Unicode Release|Win32 = Unicode Release|Win32
		Unicode Release|x64 = Unicode Release|x64
	EndGlobalSection
	GlobalSection(ProjectConfigurationPlatforms) = postSolution
		{659FE6F5-FB0E-49B8-B087-F6116678FE16}.Debug|Win32.ActiveCfg = Debug|Win32
		{659FE6F5-FB0E-49B8-B087-F6116678FE16}.Debug|Win32.Build.0 = Debug|Win32
		{659FE6F5-FB0E-49B8-B087-F6116678FE16}.Debug|x64.ActiveCfg = Debug|x64
		{659FE6F5-FB0E-49B8-B087-F6116678FE16}.Release|Win32.ActiveCfg = Release|Win32
		{659FE6F5-FB0E-49B8-B087-F6116678FE16}.Release|Win32.Build.0 = Release|Win32
		{659FE6F5-FB0E-49B8-B087-F6116678FE16}.Release|x64.ActiveCfg = Release|x64
		{659FE6F5-FB0E-49B8-B087-F6116678FE16}.Unicode Debug No XP|Win32.ActiveCfg = Unicode Debug No XP|Win32
		{659FE6F5-FB0E-49B8-B087-F6116678FE16}.Unicode Debug No XP|Win32.Build.0 = Unicode Debug No XP|Win32
		{659FE6F5-FB0E-49B8-B087-F6116678FE16}.Unicode Debug No XP|x64.ActiveCfg = Unicode Debug No XP|x64
		{659FE6F5-FB0E-49B8-B087-F6116678FE16}.Unicode Debug No XP|x64.Build.0 = Unicode Debug No XP|x64
		{659FE6F5-FB0E-49B8-B087-F6116678FE16}.Unicode Debug|Win32.ActiveCfg = Unicode Debug|Win32
		{659FE6F5-FB0E-49B8-B087-F6116678FE16}.Unicode Debug|Win32.Build.0 = Unicode Debug|Win32
		{659FE6F5-FB0E-49B8-B087-F6116678FE16}.Unicode Debug|x64.ActiveCfg = Unicode Debug|x64
		{659FE6F5-FB0E-49B8-B087-F6116678FE16}.Unicode Release No XP|Win32.ActiveCfg = Unicode Release No XP|Win32
		{659FE6F5-FB0E-49B8-B087-F6116678FE16}.Unicode Release No XP|Win32.Build.0 = Unicode Release No XP|Win32
		{659FE6F5-FB0E-49B8-B087-F6116678FE16}.Unicode Release No XP|x64.ActiveCfg = Unicode Release No XP|x64
		{659FE6F5-FB0E-49B8-B087-F6116678FE16}.Unicode Release No XP|x64.Build.0 = Unicode Release No XP|x64
		{659FE6F5-FB0E-49B8-B087-F6116678FE16}.Unicode Release|Win32.ActiveCfg = Unicode Release|Win32
		{659FE6F5-FB0E-49B8-B087-F6116678FE16}.Unicode Release|Win32.Build.0 = Unicode Release|Win32
		{659FE6F5-FB0E-49B8-B087-F6116678FE16}.Unicode Release|x64.ActiveCfg = Unicode Release|x64
		{A5AC51C8-960E-44A2-B6C6-B9B6DB068701}.Debug|Win32.ActiveCfg = Debug|Win32
		{A5AC51C8-960E-44A2-B6C6-B9B6DB068701}.Debug|Win32.Build.0 = Debug|Win32
		{A5AC51C8-960E-44A2-B6C6-B9B6DB068701}.Debug|x64.ActiveCfg = Debug|x64
		{A5AC51C8-960E-44A2-B6C6-B9B6DB068701}.Release|Win32.ActiveCfg = Release|Win32
		{A5AC51C8-960E-44A2-B6C6-B9B6DB068701}.Release|Win32.Build.0 = Release|Win32
		{A5AC51C8-960E-44A2-B6C6-B9B6DB068701}.Release|x64.ActiveCfg = Release|x64
		{A5AC51C8-960E-44A2-B6C6-B9B6DB068701}.Unicode Debug No XP|Win32.ActiveCfg = Unicode Debug No XP|Win32
		{A5AC51C8-960E-44A2-B6C6-B9B6DB068701}.Unicode Debug No XP|Win32.Build.0 = Unicode Debug No XP|Win32
		{A5AC51C8-960E-44A2-B6C6-B9B6DB068701}.Unicode Debug No XP|x64.ActiveCfg = Unicode Debug No XP|x64
		{A5AC51C8-960E-44A2-B6C6-B9B6DB068701}.Unicode Debug No XP|x64.Build.0 = Unicode Debug No XP|x64
		{A5AC51C8-960E-44A2-B6C6-B9B6DB068701}.Unicode Debug|Win32.ActiveCfg = Unicode Debug|Win32
		{A5AC51C8-960E-44A2-B6C6-B9B6DB068701}.Unicode Debug|Win32.Build.0 = Unicode Debug|Win32
		{A5AC51C8-960E-44A2-B6C6-B9B6DB068701}.Unicode Debug|x64.ActiveCfg = Unicode Debug|x64
		{A5AC51C8-960E-44A2-B6C6-B9B6DB068701}.Unicode Release No XP|Win32.ActiveCfg = Unicode Release No XP|Win32
		{A5AC51C8-960E-44A2-B6C6-B9B6DB068701}.Unicode Release No XP|Win32.Build.0 = Unicode Release No XP|Win32
		{A5AC51C8-960E-44A2-B6C6-B9B6DB068701}.Unicode Release No XP|x64.ActiveCfg = Unicode Release No XP|x64
		{A5AC51C8-960E-44A2-B6C6-B9B6DB068701}.Unicode Release No XP|x64.Build.0 = Unicode Release No XP|x64
		{A5AC51C8-960E-44A2-B6C6-B9B6DB068701}.Unicode Release|Win32.ActiveCfg = Unicode Release|Win32
		{A5AC51C8-960E-44A2-B6C6-B9B6DB068701}.Unicode Release|Win32.Build.0 = Unicode Release|Win32
		{A5AC51C8-960E-44A2-B6C6-B9B6DB068701}.Unicode Release|x64.ActiveCfg = Unicode Release|x64
		{F9550073-224A-41DD-A32D-7F04C576C994}.Debug|Win32.ActiveCfg = Debug|Win32
		{F9550073-224A-41DD-A32D-7F04C576C994}.Debug|Win32.Build.0 = Debug|Win32
		{F9550073-224A-41DD-A32D-7F04C576C994}.Debug|x64.ActiveCfg = Debug|x64
		{F9550073-224A-41DD-A32D-7F04C576C994}.Release|Win32.ActiveCfg = Release|Win32
		{F9550073-224A-41DD-A32D-7F04C576C994}.Release|Win32.Build.0 = Release|Win32
		{F9550073-224A-41DD-A32D-7F04C576C994}.Release|x64.ActiveCfg = Release|x64
		{F9550073-224A-41DD-A32D-7F04C576C994}.Unicode Debug No XP|Win32.ActiveCfg = Unicode Debug No XP|Win32
		{F9550073-224A-41DD-A32D-7F04C576C994}.Unicode Debug No XP|Win32.Build.0 = Unicode Debug No XP|Win32
		{F9550073-224A-41DD-A32D-7F04C576C994}.Unicode Debug No XP|x64.ActiveCfg = Unicode Debug No XP|x64
		{F9550073-224A-41DD-A32D-7F04C576C994}.Unicode Debug No XP|x64.Build.0 = Unicode Debug No XP|x64
		{F9550073-224A-41DD-A32D-7F04C576C994}.Unicode Debug|Win32.ActiveCfg = Unicode Debug|Win32
		{F9550073-224A-41DD-A32D-7F04C576C994}.Unicode Debug|Win32.Build.0 = Unicode Debug|Win32
		{F9550073-224A-41DD-A32D-7F04C576C994}.Unicode Debug|x64.ActiveCfg = Unicode Debug|x64
		{F9550073-224A-41DD-A32D-7F04C576C994}.Unicode Release No XP|Win32.ActiveCfg = Unicode Release No XP|Win32
		{F9550073-224A-41DD-A32D-7F04C576C994}.Unicode Release No XP|Win32.Build.0 = Unicode Release No XP|Win32
		{F9550073-224A-41DD-A32D-7F04C576C994}.Unicode Release No XP|x64.ActiveCfg = Unicode Release No XP|x64
		{F9550073-224A-41DD-A32D-7F04C576C994}.Unicode Release No XP|x64.Build.0 = Unicode Release No XP|x64
		{F9550073-224A-41DD-A32D-7F04C576C994}.Unicode Release|Win32.ActiveCfg = Unicode Release|Win32
		{F9550073-224A-41DD-A32D-7F04C576C994}.Unicode Release|Win32.Build.0 = Unicode Release|Win32
		{F9550073-224A-41DD-A32D-7F04C576C994}.Unicode Release|x64.ActiveCfg = Unicode Release|x64
		{CD0085D7-1CFA-49A0-BDDA-C74D294B176D}.Debug|Win32.ActiveCfg = Debug|Win32
		{CD0085D7-1CFA-49A0-BDDA-C74D294B176D}.Debug|Win32.Build.0 = Debug|Win32
		{CD0085D7-1CFA-49A0-BDDA-C74D294B176D}.Debug|x64.ActiveCfg = Debug|x64
		{CD0085D7-1CFA-49A0-BDDA-C74D294B176D}.Release|Win32.ActiveCfg = Release|Win32
		{CD0085D7-1CFA-49A0-BDDA-C74D294B176D}.Release|Win32.Build.0 = Release|Win32
		{CD0085D7-1CFA-49A0-BDDA-C74D294B176D}.Release|x64.ActiveCfg = Release|x64
		{CD0085D7-1CFA-49A0-BDDA-C74D294B176D}.Unicode Debug No XP|Win32.ActiveCfg = Unicode Debug No XP|Win32
		{CD0085D7-1CFA-49A0-BDDA-C74D294B176D}.Unicode Debug No XP|Win32.Build.0 = Unicode Debug No XP|Win32
		{CD0085D7-1CFA-49A0-BDDA-C74D294B176D}.Unicode Debug No XP|x64.ActiveCfg = Unicode Debug No XP|x64
		{CD0085D7-1CFA-49A0-BDDA-C74D294B176D}.Unicode Debug No XP|x64.Build.0 = Unicode Debug No XP|x64
		{CD0085D7-1CFA-49A0-BDDA-C74D294B176D}.Unicode Debug|Win32.ActiveCfg = Unicode Debug|Win32
		{CD0085D7-1CFA-49A0-BDDA-C74D294B176D}.Unicode Debug|Win32.Build.0 = Unicode Debug|Win32
		{CD0085D7-1CFA-49A0-BDDA-C74D294B176D}.Unicode Debug|x64.ActiveCfg = Unicode Debug|x64
		{CD0085D7-1CFA-49A0-BDDA-C74D294B176D}.Unicode Release No XP|Win32.ActiveCfg = Unicode Release No XP|Win32
		{CD0085D7-1CFA-49A0-BDDA-C74D294B176D}.Unicode Release No XP|Win32.Build.0 = Unicode Release No XP|Win32
		{CD0085D7-1CFA-49A0-BDDA-C74D294B176D}.Unicode Release No XP|x64.ActiveCfg = Unicode Release No XP|x64
		{CD0085D7-1CFA-49A0-BDDA-C74D294B176D}.Unicode Release No XP|x64.Build.0 = Unicode Release No XP|x64
		{CD0085D7-1CFA-49A0-BDDA-C74D294B176D}.Unicode Release|Win32.ActiveCfg = Unicode Release|Win32
		{CD0085D7-1CFA-49A0-BDDA-C74D294B176D}.Unicode Release|Win32.Build.0 = Unicode Release|Win32
		{CD0085D7-1CFA-49A0-BDDA-C74D294B176D}.Unicode Release|x64.ActiveCfg = Unicode Release|x64
		{493C07F3-2CC5-4966-9D94-2375961AB066}.Debug|Win32.ActiveCfg = Debug|Win32
		{493C07F3-2CC5-4966-9D94-2375961AB066}.Debug|Win32.Build.0 = Debug|Win32
		{493C07F3-2CC5-4966-9D94-2375961AB066}.Debug|x64.ActiveCfg = Debug|x64
		{493C07F3-2CC5-4966-9D94-2375961AB066}.Release|Win32.ActiveCfg = Release|Win32
		{493C07F3-2CC5-4966-9D94-2375961AB066}.Release|Win32.Build.0 = Release|Win32
		{493C07F3-2CC5-4966-9D94-2375961AB066}.Release|x64.ActiveCfg = Release|x64
		{493C07F3-2CC5-4966-9D94-2375961AB066}.Unicode Debug No XP|Win32.ActiveCfg = Unicode Debug No XP|Win32
		{493C07F3-2CC5-4966-9D94-2375961AB066}.Unicode Debug No XP|Win32.Build.0 = Unicode Debug No XP|Win32
		{493C07F3-2CC5-4966-9D94-2375961AB066}.Unicode Debug No XP|x64.ActiveCfg = Unicode Debug No XP|x64
		{493C07F3-2CC5-4966-9D94-2375961AB066}.Unicode Debug No XP|x64.Build.0 = Unicode Debug No XP|x64
		{493C07F3-2CC5-4966-9D94-2375961AB066}.Unicode Debug|Win32.ActiveCfg = Unicode Debug|Win32
		{493C07F3-2CC5-4966-9D94-2375961AB066}.Unicode Debug|Win32.Build.0 = Unicode Debug|Win32
		{493C07F3-2CC5-4966-9D94-2375961AB066}.Unicode Debug|x64.ActiveCfg = Unicode Debug|x64
		{493C07F3-2CC5-4966-9D94-2375961AB066}.Unicode Release No XP|Win32.ActiveCfg = Unicode Release No XP|Win32
		{493C07F3-2CC5-4966-9D94-2375961AB066}.Unicode Release No XP|Win32.Build.0 = Unicode Release No XP|Win32
		{493C07F3-2CC5-4966-9D94-2375961AB066}.Unicode Release No XP|x64.ActiveCfg = Unicode Release No XP|x64
		{493C07F3-2CC5-4966-9D94-2375961AB066}.Unicode Release No XP|x64.Build.0 = Unicode Release No XP|x64
		{493C07F3-2CC5-4966-9D94-2375961AB066}.Unicode Release|Win32.ActiveCfg = Unicode Release|Win32
		{493C07F3-2CC5-4966-9D94-2375961AB066}.Unicode Release|Win32.Build.0 = Unicode Release|Win32
		{493C07F3-2CC5-4966-9D94-2375961AB066}.Unicode Release|x64.ActiveCfg = Unicode Release|x64
		{E0A0159B-4EDB-4DF9-A531-C490FF2FBD32}.Debug|Win32.ActiveCfg = Debug|Win32
		{E0A0159B-4EDB-4DF9-A531-C490FF2FBD32}.Debug|Win32.Build.0 = Debug|Win32
		{E0A0159B-4EDB-4DF9-A531-C490FF2FBD32}.Debug|x64.ActiveCfg = Debug|x64
		{E0A0159B-4EDB-4DF9-A531-C490FF2FBD32}.Release|Win32.ActiveCfg = Release|Win32
		{E0A0159B-4EDB-4DF9-A531-C490FF2FBD32}.Release|Win32.Build.0 = Release|Win32
		{E0A0159B-4EDB-4DF9-A531-C490FF2FBD32}.Release|x64.ActiveCfg = Release|x64
		{E0A0159B-4EDB-4DF9-A531-C490FF2FBD32}.Unicode Debug No XP|Win32.ActiveCfg = Unicode Debug No XP|Win32
		{E0A0159B-4EDB-4DF9-A531-C490FF2FBD32}.Unicode Debug No XP|Win32.Build.0 = Unicode Debug No XP|Win32
		{E0A0159B-4EDB-4DF9-A531-C490FF2FBD32}.Unicode Debug No XP|x64.ActiveCfg = Unicode Debug No XP|x64
		{E0A0159B-4EDB-4DF9-A531-C490FF2FBD32}.Unicode Debug No XP|x64.Build.0 = Unicode Debug No XP|x64
		{E0A0159B-4EDB-4DF9-A531-C490FF2FBD32}.Unicode Debug|Win32.ActiveCfg = Unicode Debug|Win32
		{E0A0159B-4EDB-4DF9-A531-C490FF2FBD32}.Unicode Debug|Win32.Build.0 = Unicode Debug|Win32
		{E0A0159B-4EDB-4DF9-A531-C490FF2FBD32}.Unicode Debug|x64.ActiveCfg = Unicode Debug|x64
		{E0A0159B-4EDB-4DF9-A531-C490FF2FBD32}.Unicode Release No XP|Win32.ActiveCfg = Unicode Release No XP|Win32
		{E0A0159B-4EDB-4DF9-A531-C490FF2FBD32}.Unicode Release No XP|Win32.Build.0 = Unicode Release No XP|Win32
		{E0A0159B-4EDB-4DF9-A531-C490FF2FBD32}.Unicode Release No XP|x64.ActiveCfg = Unicode Release No XP|x64
		{E0A0159B-4EDB-4DF9-A531-C490FF2FBD32}.Unicode Release No XP|x64.Build.0 = Unicode Release No XP|x64
		{E0A0159B-4EDB-4DF9-A531-C490FF2FBD32}.Unicode Release|Win32.ActiveCfg = Unicode Release|Win32
		{E0A0159B-4EDB-4DF9-A531-C490FF2FBD32}.Unicode Release|Win32.Build.0 = Unicode Release|Win32
		{E0A0159B-4EDB-4DF9-A531-C490FF2FBD32}.Unicode Release|x64.ActiveCfg = Unicode Release|x64
		{C034627A-510F-40AC-8EC8-ED4ED98F1333}.Debug|Win32.ActiveCfg = Debug|Win32
		{C034627A-510F-40AC-8EC8-ED4ED98F1333}.Debug|Win32.Build.0 = Debug|Win32
		{C034627A-510F-40AC-8EC8-ED4ED98F1333}.Debug|x64.ActiveCfg = Debug|x64
		{C034627A-510F-40AC-8EC8-ED4ED98F1333}.Release|Win32.ActiveCfg = Release|Win32
		{C034627A-510F-40AC-8EC8-ED4ED98F1333}.Release|Win32.Build.0 = Release|Win32
		{C034627A-510F-40AC-8EC8-ED4ED98F1333}.Release|x64.ActiveCfg = Release|x64
		{C034627A-510F-40AC-8EC8-ED4ED98F1333}.Unicode Debug No XP|Win32.ActiveCfg = Unicode Debug No XP|Win32
		{C034627A-510F-40AC-8EC8-ED4ED98F1333}.Unicode Debug No XP|Win32.Build.0 = Unicode Debug No XP|Win32
		{C034627A-510F-40AC-8EC8-ED4ED98F1333}.Unicode Debug No XP|x64.ActiveCfg = Unicode Debug No XP|x64
		{C034627A-510F-40AC-8EC8-ED4ED98F1333}.Unicode Debug No XP|x64.Build.0 = Unicode Debug No XP|x64
		{C034627A-510F-40AC-8EC8-ED4ED98F1333}.Unicode Debug|Win32.ActiveCfg = Unicode Debug|Win32
		{C034627A-510F-40AC-8EC8-ED4ED98F1333}.Unicode Debug|Win32.Build.0 = Unicode Debug|Win32
		{C034627A-510F-40AC-8EC8-ED4ED98F1333}.Unicode Debug|x64.ActiveCfg = Unicode Debug|x64
		{C034627A-510F-40AC-8EC8-ED4ED98F1333}.Unicode Release No XP|Win32.ActiveCfg = Unicode Release No XP|Win32
		{C034627A-510F-40AC-8EC8-ED4ED98F1333}.Unicode Release No XP|Win32.Build.0 = Unicode Release No XP|Win32
		{C034627A-510F-40AC-8EC8-ED4ED98F1333}.Unicode Release No XP|x64.ActiveCfg = Unicode Release No XP|x64
		{C034627A-510F-40AC-8EC8-ED4ED98F1333}.Unicode Release No XP|x64.Build.0 = Unicode Release No XP|x64
		{C034627A-510F-40AC-8EC8-ED4ED98F1333}.Unicode Release|Win32.ActiveCfg = Unicode Release|Win32
		{C034627A-510F-40AC-8EC8-ED4ED98F1333}.Unicode Release|Win32.Build.0 = Unicode Release|Win32
		{C034627A-510F-40AC-8EC8-ED4ED98F1333}.Unicode Release|x64.ActiveCfg = Unicode Release|x64
		{EF9554A0-CAE4-4B8F-822E-593521997B72}.Debug|Win32.ActiveCfg = Debug|Win32
		{EF9554A0-CAE4-4B8F-822E-593521997B72}.Debug|Win32.Build.0 = Debug|Win32
		{EF9554A0-CAE4-4B8F-822E-593521997B72}.Debug|x64.ActiveCfg = Debug|x64
		{EF9554A0-CAE4-4B8F-822E-593521997B72}.Release|Win32.ActiveCfg = Release|Win32
		{EF9554A0-CAE4-4B8F-822E-593521997B72}.Release|Win32.Build.0 = Release|Win32
		{EF9554A0-CAE4-4B8F-822E-593521997B72}.Release|x64.ActiveCfg = Release|x64
		{EF9554A0-CAE4-4B8F-822E-593521997B72}.Unicode Debug No XP|Win32.ActiveCfg = Unicode Debug No XP|Win32
		{EF9554A0-CAE4-4B8F-822E-593521997B72}.Unicode Debug No XP|Win32.Build.0 = Unicode Debug No XP|Win32
		{EF9554A0-CAE4-4B8F-822E-593521997B72}.Unicode Debug No XP|x64.ActiveCfg = Unicode Debug No XP|x64
		{EF9554A0-CAE4-4B8F-822E-593521997B72}.Unicode Debug No XP|x64.Build.0 = Unicode Debug No XP|x64
		{EF9554A0-CAE4-4B8F-822E-593521997B72}.Unicode Debug|Win32.ActiveCfg = Unicode Debug|Win32
		{EF9554A0-CAE4-4B8F-822E-593521997B72}.Unicode Debug|Win32.Build.0 = Unicode Debug|Win32
		{EF9554A0-CAE4-4B8F-822E-593521997B72}.Unicode Debug|x64.ActiveCfg = Unicode Debug|x64
		{EF9554A0-CAE4-4B8F-822E-593521997B72}.Unicode Release No XP|Win32.ActiveCfg = Unicode Release No XP|Win32
		{EF9554A0-CAE4-4B8F-822E-593521997B72}.Unicode Release No XP|Win32.Build.0 = Unicode Release No XP|Win32
		{EF9554A0-CAE4-4B8F-822E-593521997B72}.Unicode Release No XP|x64.ActiveCfg = Unicode Release No XP|x64
		{EF9554A0-CAE4-4B8F-822E-593521997B72}.Unicode Release No XP|x64.Build.0 = Unicode Release No XP|x64
		{EF9554A0-CAE4-4B8F-822E-593521997B72}.Unicode Release|Win32.ActiveCfg = Unicode Release|Win32
		{EF9554A0-CAE4-4B8F-822E-593521997B72}.Unicode Release|Win32.Build.0 = Unicode Release|Win32
		{EF9554A0-CAE4-4B8F-822E-593521997B72}.Unicode Release|x64.ActiveCfg = Unicode Release|x64
		{502063B9-A251-447C-BFE5-F461A19194A7}.Debug|Win32.ActiveCfg = Debug|Win32
		{502063B9-A251-447C-BFE5-F461A19194A7}.Debug|Win32.Build.0 = Debug|Win32
		{502063B9-A251-447C-BFE5-F461A19194A7}.Debug|x64.ActiveCfg = Debug|x64
		{502063B9-A251-447C-BFE5-F461A19194A7}.Release|Win32.ActiveCfg = Release|Win32
		{502063B9-A251-447C-BFE5-F461A19194A7}.Release|Win32.Build.0 = Release|Win32
		{502063B9-A251-447C-BFE5-F461A19194A7}.Release|x64.ActiveCfg = Release|x64
		{502063B9-A251-447C-BFE5-F461A19194A7}.Unicode Debug No XP|Win32.ActiveCfg = Unicode Release No XP|Win32
		{502063B9-A251-447C-BFE5-F461A19194A7}.Unicode Debug No XP|Win32.Build.0 = Unicode Release No XP|Win32
		{502063B9-A251-447C-BFE5-F461A19194A7}.Unicode Debug No XP|x64.ActiveCfg = Unicode Release No XP|x64
		{502063B9-A251-447C-BFE5-F461A19194A7}.Unicode Debug No XP|x64.Build.0 = Unicode Release No XP|x64
		{502063B9-A251-447C-BFE5-F461A19194A7}.Unicode Debug|Win32.ActiveCfg = Unicode Debug|Win32
		{502063B9-A251-447C-BFE5-F461A19194A7}.Unicode Debug|Win32.Build.0 = Unicode Debug|Win32
		{502063B9-A251-447C-BFE5-F461A19194A7}.Unicode Debug|x64.ActiveCfg = Unicode Debug|x64
		{502063B9-A251-447C-BFE5-F461A19194A7}.Unicode Release No XP|Win32.ActiveCfg = Unicode Release No XP|Win32
		{502063B9-A251-447C-BFE5-F461A19194A7}.Unicode Release No XP|Win32.Build.0 = Unicode Release No XP|Win32
		{502063B9-A251-447C-BFE5-F461A19194A7}.Unicode Release No XP|x64.ActiveCfg = Unicode Release No XP|x64
		{502063B9-A251-447C-BFE5-F461A19194A7}.Unicode Release No XP|x64.Build.0 = Unicode Release No XP|x64
		{502063B9-A251-447C-BFE5-F461A19194A7}.Unicode Release|Win32.ActiveCfg = Unicode Release|Win32
		{502063B9-A251-447C-BFE5-F461A19194A7}.Unicode Release|Win32.Build.0 = Unicode Release|Win32
		{502063B9-A251-447C-BFE5-F461A19194A7}.Unicode Release|x64.ActiveCfg = Unicode Release|x64
	EndGlobalSection
	GlobalSection(SolutionProperties) = preSolution
		HideSolutionNode = FALSE
	EndGlobalSection
	GlobalSection(ExtensibilityGlobals) = postSolution
		SolutionGuid = {287EFEF9-6D9E-478A-8F28-DB1D53559C8F}
	EndGlobalSection
EndGlobal
