
Microsoft Visual Studio Solution File, Format Version 12.00
# Visual Studio Version 17
VisualStudioVersion = 17.14.36414.22
MinimumVisualStudioVersion = 10.0.40219.1
Project("{8BC9CEB8-8B4A-11D0-8D11-00A0C91BC942}") = "mtbl", "mtbl.vcxproj", "{295F098D-1C03-4734-A9A8-C7E6E8350E04}"
EndProject
Global
	GlobalSection(SolutionConfigurationPlatforms) = preSolution
		Debug TD11|Win32 = Debug TD11|Win32
		Debug TD11|x64 = Debug TD11|x64
		Debug TD15|Win32 = Debug TD15|Win32
		Debug TD15|x64 = Debug TD15|x64
		Debug TD20|Win32 = Debug TD20|Win32
		Debug TD20|x64 = Debug TD20|x64
		Debug TD21|Win32 = Debug TD21|Win32
		Debug TD21|x64 = Debug TD21|x64
		Debug TD30|Win32 = Debug TD30|Win32
		Debug TD30|x64 = Debug TD30|x64
		Debug TD31|Win32 = Debug TD31|Win32
		Debug TD31|x64 = Debug TD31|x64
		Debug TD40|Win32 = Debug TD40|Win32
		Debug TD40|x64 = Debug TD40|x64
		Debug TD41|Win32 = Debug TD41|Win32
		Debug TD41|x64 = Debug TD41|x64
		Debug TD42|Win32 = Debug TD42|Win32
		Debug TD42|x64 = Debug TD42|x64
		Debug TD51|Win32 = Debug TD51|Win32
		Debug TD51|x64 = Debug TD51|x64
		Debug TD52|Win32 = Debug TD52|Win32
		Debug TD52|x64 = Debug TD52|x64
		Debug TD60|Win32 = Debug TD60|Win32
		Debug TD60|x64 = Debug TD60|x64
		Debug TD61|Win32 = Debug TD61|Win32
		Debug TD61|x64 = Debug TD61|x64
		Debug TD62|Win32 = Debug TD62|Win32
		Debug TD62|x64 = Debug TD62|x64
		Debug TD63|Win32 = Debug TD63|Win32
		Debug TD63|x64 = Debug TD63|x64
		Debug TD70|Win32 = Debug TD70|Win32
		Debug TD70|x64 = Debug TD70|x64
		Debug TD71|Win32 = Debug TD71|Win32
		Debug TD71|x64 = Debug TD71|x64
		Debug TD72|Win32 = Debug TD72|Win32
		Debug TD72|x64 = Debug TD72|x64
		Debug TD73|Win32 = Debug TD73|Win32
		Debug TD73|x64 = Debug TD73|x64
		Debug TD74|Win32 = Debug TD74|Win32
		Debug TD74|x64 = Debug TD74|x64
		Debug TD75|Win32 = Debug TD75|Win32
		Debug TD75|x64 = Debug TD75|x64
		Release TD11|Win32 = Release TD11|Win32
		Release TD11|x64 = Release TD11|x64
		Release TD15|Win32 = Release TD15|Win32
		Release TD15|x64 = Release TD15|x64
		Release TD20|Win32 = Release TD20|Win32
		Release TD20|x64 = Release TD20|x64
		Release TD21|Win32 = Release TD21|Win32
		Release TD21|x64 = Release TD21|x64
		Release TD30|Win32 = Release TD30|Win32
		Release TD30|x64 = Release TD30|x64
		Release TD31|Win32 = Release TD31|Win32
		Release TD31|x64 = Release TD31|x64
		Release TD40|Win32 = Release TD40|Win32
		Release TD40|x64 = Release TD40|x64
		Release TD41|Win32 = Release TD41|Win32
		Release TD41|x64 = Release TD41|x64
		Release TD42|Win32 = Release TD42|Win32
		Release TD42|x64 = Release TD42|x64
		Release TD51|Win32 = Release TD51|Win32
		Release TD51|x64 = Release TD51|x64
		Release TD52|Win32 = Release TD52|Win32
		Release TD52|x64 = Release TD52|x64
		Release TD60|Win32 = Release TD60|Win32
		Release TD60|x64 = Release TD60|x64
		Release TD61|Win32 = Release TD61|Win32
		Release TD61|x64 = Release TD61|x64
		Release TD62|Win32 = Release TD62|Win32
		Release TD62|x64 = Release TD62|x64
		Release TD63|Win32 = Release TD63|Win32
		Release TD63|x64 = Release TD63|x64
		Release TD70|Win32 = Release TD70|Win32
		Release TD70|x64 = Release TD70|x64
		Release TD71|Win32 = Release TD71|Win32
		Release TD71|x64 = Release TD71|x64
		Release TD72|Win32 = Release TD72|Win32
		Release TD72|x64 = Release TD72|x64
		Release TD73|Win32 = Release TD73|Win32
		Release TD73|x64 = Release TD73|x64
		Release TD74|Win32 = Release TD74|Win32
		Release TD74|x64 = Release TD74|x64
		Release TD75|Win32 = Release TD75|Win32
		Release TD75|x64 = Release TD75|x64
	EndGlobalSection
	GlobalSection(ProjectConfigurationPlatforms) = postSolution
		{295F098D-1C03-4734-A9A8-C7E6E8350E04}.Debug TD11|Win32.ActiveCfg = Release TD75|Win32
		{295F098D-1C03-4734-A9A8-C7E6E8350E04}.Debug TD11|x64.ActiveCfg = Debug TD11|x64
		{295F098D-1C03-4734-A9A8-C7E6E8350E04}.Debug TD15|Win32.ActiveCfg = Debug TD15|Win32
		{295F098D-1C03-4734-A9A8-C7E6E8350E04}.Debug TD15|x64.ActiveCfg = Debug TD15|x64
		{295F098D-1C03-4734-A9A8-C7E6E8350E04}.Debug TD20|Win32.ActiveCfg = Debug TD20|Win32
		{295F098D-1C03-4734-A9A8-C7E6E8350E04}.Debug TD20|x64.ActiveCfg = Debug TD20|x64
		{295F098D-1C03-4734-A9A8-C7E6E8350E04}.Debug TD21|Win32.ActiveCfg = Debug TD21|Win32
		{295F098D-1C03-4734-A9A8-C7E6E8350E04}.Debug TD21|x64.ActiveCfg = Debug TD21|x64
		{295F098D-1C03-4734-A9A8-C7E6E8350E04}.Debug TD30|Win32.ActiveCfg = Debug TD30|Win32
		{295F098D-1C03-4734-A9A8-C7E6E8350E04}.Debug TD30|x64.ActiveCfg = Debug TD30|x64
		{295F098D-1C03-4734-A9A8-C7E6E8350E04}.Debug TD31|Win32.ActiveCfg = Debug TD31|Win32
		{295F098D-1C03-4734-A9A8-C7E6E8350E04}.Debug TD31|x64.ActiveCfg = Debug TD31|x64
		{295F098D-1C03-4734-A9A8-C7E6E8350E04}.Debug TD40|Win32.ActiveCfg = Debug TD40|Win32
		{295F098D-1C03-4734-A9A8-C7E6E8350E04}.Debug TD40|x64.ActiveCfg = Debug TD40|x64
		{295F098D-1C03-4734-A9A8-C7E6E8350E04}.Debug TD41|Win32.ActiveCfg = Debug TD41|Win32
		{295F098D-1C03-4734-A9A8-C7E6E8350E04}.Debug TD41|x64.ActiveCfg = Debug TD41|x64
		{295F098D-1C03-4734-A9A8-C7E6E8350E04}.Debug TD42|Win32.ActiveCfg = Debug TD42|Win32
		{295F098D-1C03-4734-A9A8-C7E6E8350E04}.Debug TD42|x64.ActiveCfg = Debug TD42|x64
		{295F098D-1C03-4734-A9A8-C7E6E8350E04}.Debug TD51|Win32.ActiveCfg = Debug TD51|Win32
		{295F098D-1C03-4734-A9A8-C7E6E8350E04}.Debug TD51|x64.ActiveCfg = Debug TD51|x64
		{295F098D-1C03-4734-A9A8-C7E6E8350E04}.Debug TD52|Win32.ActiveCfg = Debug TD52|Win32
		{295F098D-1C03-4734-A9A8-C7E6E8350E04}.Debug TD52|x64.ActiveCfg = Debug TD52|x64
		{295F098D-1C03-4734-A9A8-C7E6E8350E04}.Debug TD60|Win32.ActiveCfg = Debug TD60|Win32
		{295F098D-1C03-4734-A9A8-C7E6E8350E04}.Debug TD60|x64.ActiveCfg = Debug TD60|x64
		{295F098D-1C03-4734-A9A8-C7E6E8350E04}.Debug TD61|Win32.ActiveCfg = Debug TD61|Win32
		{295F098D-1C03-4734-A9A8-C7E6E8350E04}.Debug TD61|x64.ActiveCfg = Debug TD61|x64
		{295F098D-1C03-4734-A9A8-C7E6E8350E04}.Debug TD62|Win32.ActiveCfg = Debug TD62|Win32
		{295F098D-1C03-4734-A9A8-C7E6E8350E04}.Debug TD62|x64.ActiveCfg = Debug TD62|x64
		{295F098D-1C03-4734-A9A8-C7E6E8350E04}.Debug TD63|Win32.ActiveCfg = Debug TD63|Win32
		{295F098D-1C03-4734-A9A8-C7E6E8350E04}.Debug TD63|x64.ActiveCfg = Debug TD63|x64
		{295F098D-1C03-4734-A9A8-C7E6E8350E04}.Debug TD70|Win32.ActiveCfg = Debug TD70|Win32
		{295F098D-1C03-4734-A9A8-C7E6E8350E04}.Debug TD70|x64.ActiveCfg = Debug TD70|x64
		{295F098D-1C03-4734-A9A8-C7E6E8350E04}.Debug TD71|Win32.ActiveCfg = Debug TD71|Win32
		{295F098D-1C03-4734-A9A8-C7E6E8350E04}.Debug TD71|x64.ActiveCfg = Debug TD71|x64
		{295F098D-1C03-4734-A9A8-C7E6E8350E04}.Debug TD72|Win32.ActiveCfg = Debug TD72|Win32
		{295F098D-1C03-4734-A9A8-C7E6E8350E04}.Debug TD72|x64.ActiveCfg = Debug TD72|x64
		{295F098D-1C03-4734-A9A8-C7E6E8350E04}.Debug TD73|Win32.ActiveCfg = Debug TD73|Win32
		{295F098D-1C03-4734-A9A8-C7E6E8350E04}.Debug TD73|x64.ActiveCfg = Debug TD73|x64
		{295F098D-1C03-4734-A9A8-C7E6E8350E04}.Debug TD74|Win32.ActiveCfg = Debug TD74|Win32
		{295F098D-1C03-4734-A9A8-C7E6E8350E04}.Debug TD74|x64.ActiveCfg = Debug TD74|x64
		{295F098D-1C03-4734-A9A8-C7E6E8350E04}.Debug TD75|Win32.ActiveCfg = Debug TD75|Win32
		{295F098D-1C03-4734-A9A8-C7E6E8350E04}.Debug TD75|x64.ActiveCfg = Debug TD75|x64
		{295F098D-1C03-4734-A9A8-C7E6E8350E04}.Release TD11|Win32.ActiveCfg = Release TD11|Win32
		{295F098D-1C03-4734-A9A8-C7E6E8350E04}.Release TD11|Win32.Build.0 = Release TD11|Win32
		{295F098D-1C03-4734-A9A8-C7E6E8350E04}.Release TD11|x64.ActiveCfg = Release TD11|x64
		{295F098D-1C03-4734-A9A8-C7E6E8350E04}.Release TD15|Win32.ActiveCfg = Release TD15|Win32
		{295F098D-1C03-4734-A9A8-C7E6E8350E04}.Release TD15|Win32.Build.0 = Release TD15|Win32
		{295F098D-1C03-4734-A9A8-C7E6E8350E04}.Release TD15|x64.ActiveCfg = Release TD15|x64
		{295F098D-1C03-4734-A9A8-C7E6E8350E04}.Release TD20|Win32.ActiveCfg = Release TD20|Win32
		{295F098D-1C03-4734-A9A8-C7E6E8350E04}.Release TD20|Win32.Build.0 = Release TD20|Win32
		{295F098D-1C03-4734-A9A8-C7E6E8350E04}.Release TD20|x64.ActiveCfg = Release TD20|x64
		{295F098D-1C03-4734-A9A8-C7E6E8350E04}.Release TD21|Win32.ActiveCfg = Release TD21|Win32
		{295F098D-1C03-4734-A9A8-C7E6E8350E04}.Release TD21|Win32.Build.0 = Release TD21|Win32
		{295F098D-1C03-4734-A9A8-C7E6E8350E04}.Release TD21|x64.ActiveCfg = Release TD21|x64
		{295F098D-1C03-4734-A9A8-C7E6E8350E04}.Release TD30|Win32.ActiveCfg = Release TD30|Win32
		{295F098D-1C03-4734-A9A8-C7E6E8350E04}.Release TD30|Win32.Build.0 = Release TD30|Win32
		{295F098D-1C03-4734-A9A8-C7E6E8350E04}.Release TD30|x64.ActiveCfg = Release TD30|x64
		{295F098D-1C03-4734-A9A8-C7E6E8350E04}.Release TD31|Win32.ActiveCfg = Release TD31|Win32
		{295F098D-1C03-4734-A9A8-C7E6E8350E04}.Release TD31|Win32.Build.0 = Release TD31|Win32
		{295F098D-1C03-4734-A9A8-C7E6E8350E04}.Release TD31|x64.ActiveCfg = Release TD31|x64
		{295F098D-1C03-4734-A9A8-C7E6E8350E04}.Release TD40|Win32.ActiveCfg = Release TD40|Win32
		{295F098D-1C03-4734-A9A8-C7E6E8350E04}.Release TD40|Win32.Build.0 = Release TD40|Win32
		{295F098D-1C03-4734-A9A8-C7E6E8350E04}.Release TD40|x64.ActiveCfg = Release TD40|x64
		{295F098D-1C03-4734-A9A8-C7E6E8350E04}.Release TD41|Win32.ActiveCfg = Release TD41|Win32
		{295F098D-1C03-4734-A9A8-C7E6E8350E04}.Release TD41|Win32.Build.0 = Release TD41|Win32
		{295F098D-1C03-4734-A9A8-C7E6E8350E04}.Release TD41|x64.ActiveCfg = Release TD41|x64
		{295F098D-1C03-4734-A9A8-C7E6E8350E04}.Release TD42|Win32.ActiveCfg = Release TD42|Win32
		{295F098D-1C03-4734-A9A8-C7E6E8350E04}.Release TD42|Win32.Build.0 = Release TD42|Win32
		{295F098D-1C03-4734-A9A8-C7E6E8350E04}.Release TD42|x64.ActiveCfg = Release TD42|x64
		{295F098D-1C03-4734-A9A8-C7E6E8350E04}.Release TD51|Win32.ActiveCfg = Release TD51|Win32
		{295F098D-1C03-4734-A9A8-C7E6E8350E04}.Release TD51|Win32.Build.0 = Release TD51|Win32
		{295F098D-1C03-4734-A9A8-C7E6E8350E04}.Release TD51|x64.ActiveCfg = Release TD51|x64
		{295F098D-1C03-4734-A9A8-C7E6E8350E04}.Release TD52|Win32.ActiveCfg = Release TD52|Win32
		{295F098D-1C03-4734-A9A8-C7E6E8350E04}.Release TD52|Win32.Build.0 = Release TD52|Win32
		{295F098D-1C03-4734-A9A8-C7E6E8350E04}.Release TD52|x64.ActiveCfg = Release TD52|x64
		{295F098D-1C03-4734-A9A8-C7E6E8350E04}.Release TD60|Win32.ActiveCfg = Release TD60|Win32
		{295F098D-1C03-4734-A9A8-C7E6E8350E04}.Release TD60|Win32.Build.0 = Release TD60|Win32
		{295F098D-1C03-4734-A9A8-C7E6E8350E04}.Release TD60|x64.ActiveCfg = Release TD60|x64
		{295F098D-1C03-4734-A9A8-C7E6E8350E04}.Release TD61|Win32.ActiveCfg = Release TD61|Win32
		{295F098D-1C03-4734-A9A8-C7E6E8350E04}.Release TD61|Win32.Build.0 = Release TD61|Win32
		{295F098D-1C03-4734-A9A8-C7E6E8350E04}.Release TD61|x64.ActiveCfg = Release TD61|x64
		{295F098D-1C03-4734-A9A8-C7E6E8350E04}.Release TD62|Win32.ActiveCfg = Release TD62|Win32
		{295F098D-1C03-4734-A9A8-C7E6E8350E04}.Release TD62|Win32.Build.0 = Release TD62|Win32
		{295F098D-1C03-4734-A9A8-C7E6E8350E04}.Release TD62|x64.ActiveCfg = Release TD62|x64
		{295F098D-1C03-4734-A9A8-C7E6E8350E04}.Release TD63|Win32.ActiveCfg = Release TD63|Win32
		{295F098D-1C03-4734-A9A8-C7E6E8350E04}.Release TD63|Win32.Build.0 = Release TD63|Win32
		{295F098D-1C03-4734-A9A8-C7E6E8350E04}.Release TD63|x64.ActiveCfg = Release TD63|x64
		{295F098D-1C03-4734-A9A8-C7E6E8350E04}.Release TD70|Win32.ActiveCfg = Release TD70|Win32
		{295F098D-1C03-4734-A9A8-C7E6E8350E04}.Release TD70|Win32.Build.0 = Release TD70|Win32
		{295F098D-1C03-4734-A9A8-C7E6E8350E04}.Release TD70|x64.ActiveCfg = Release TD70|x64
		{295F098D-1C03-4734-A9A8-C7E6E8350E04}.Release TD70|x64.Build.0 = Release TD70|x64
		{295F098D-1C03-4734-A9A8-C7E6E8350E04}.Release TD71|Win32.ActiveCfg = Release TD71|Win32
		{295F098D-1C03-4734-A9A8-C7E6E8350E04}.Release TD71|Win32.Build.0 = Release TD71|Win32
		{295F098D-1C03-4734-A9A8-C7E6E8350E04}.Release TD71|x64.ActiveCfg = Release TD71|x64
		{295F098D-1C03-4734-A9A8-C7E6E8350E04}.Release TD71|x64.Build.0 = Release TD71|x64
		{295F098D-1C03-4734-A9A8-C7E6E8350E04}.Release TD72|Win32.ActiveCfg = Release TD72|Win32
		{295F098D-1C03-4734-A9A8-C7E6E8350E04}.Release TD72|Win32.Build.0 = Release TD72|Win32
		{295F098D-1C03-4734-A9A8-C7E6E8350E04}.Release TD72|x64.ActiveCfg = Release TD72|x64
		{295F098D-1C03-4734-A9A8-C7E6E8350E04}.Release TD72|x64.Build.0 = Release TD72|x64
		{295F098D-1C03-4734-A9A8-C7E6E8350E04}.Release TD73|Win32.ActiveCfg = Release TD73|Win32
		{295F098D-1C03-4734-A9A8-C7E6E8350E04}.Release TD73|Win32.Build.0 = Release TD73|Win32
		{295F098D-1C03-4734-A9A8-C7E6E8350E04}.Release TD73|x64.ActiveCfg = Release TD73|x64
		{295F098D-1C03-4734-A9A8-C7E6E8350E04}.Release TD73|x64.Build.0 = Release TD73|x64
		{295F098D-1C03-4734-A9A8-C7E6E8350E04}.Release TD74|Win32.ActiveCfg = Release TD74|Win32
		{295F098D-1C03-4734-A9A8-C7E6E8350E04}.Release TD74|Win32.Build.0 = Release TD74|Win32
		{295F098D-1C03-4734-A9A8-C7E6E8350E04}.Release TD74|x64.ActiveCfg = Release TD74|x64
		{295F098D-1C03-4734-A9A8-C7E6E8350E04}.Release TD74|x64.Build.0 = Release TD74|x64
		{295F098D-1C03-4734-A9A8-C7E6E8350E04}.Release TD75|Win32.ActiveCfg = Release TD75|Win32
		{295F098D-1C03-4734-A9A8-C7E6E8350E04}.Release TD75|Win32.Build.0 = Release TD75|Win32
		{295F098D-1C03-4734-A9A8-C7E6E8350E04}.Release TD75|x64.ActiveCfg = Release TD75|x64
		{295F098D-1C03-4734-A9A8-C7E6E8350E04}.Release TD75|x64.Build.0 = Release TD75|x64
	EndGlobalSection
	GlobalSection(SolutionProperties) = preSolution
		HideSolutionNode = FALSE
	EndGlobalSection
	GlobalSection(ExtensibilityGlobals) = postSolution
		SolutionGuid = {B1F4D045-B8B2-4B87-9792-BA6DD9C0B83A}
	EndGlobalSection
EndGlobal
